
Microsoft Visual Studio Solution File, Format Version 12.00
# Visual Studio Version 16
VisualStudioVersion = 16.0.30709.64
MinimumVisualStudioVersion = 10.0.40219.1
Project("{8BC9CEB8-8B4A-11D0-8D11-00A0C91BC942}") = "template_2.4", "template_2.4.vcxproj", "{92358430-AF7E-4057-B9EB-849C9E7B980E}"
EndProject
Global
	GlobalSection(SolutionConfigurationPlatforms) = preSolution
		Debug|x64 = Debug|x64
		Debug|x86 = Debug|x86
		Release|x64 = Release|x64
		Release|x86 = Release|x86
	EndGlobalSection
	GlobalSection(ProjectConfigurationPlatforms) = postSolution
		{92358430-AF7E-4057-B9EB-849C9E7B980E}.Debug|x64.ActiveCfg = Debug|x64
		{92358430-AF7E-4057-B9EB-849C9E7B980E}.Debug|x64.Build.0 = Debug|x64
		{92358430-AF7E-4057-B9EB-849C9E7B980E}.Debug|x86.ActiveCfg = Debug|Win32
		{92358430-AF7E-4057-B9EB-849C9E7B980E}.Debug|x86.Build.0 = Debug|Win32
		{92358430-AF7E-4057-B9EB-849C9E7B980E}.Release|x64.ActiveCfg = Release|x64
		{92358430-AF7E-4057-B9EB-849C9E7B980E}.Release|x64.Build.0 = Release|x64
		{92358430-AF7E-4057-B9EB-849C9E7B980E}.Release|x86.ActiveCfg = Release|Win32
		{92358430-AF7E-4057-B9EB-849C9E7B980E}.Release|x86.Build.0 = Release|Win32
	EndGlobalSection
	GlobalSection(SolutionProperties) = preSolution
		HideSolutionNode = FALSE
	EndGlobalSection
	GlobalSection(ExtensibilityGlobals) = postSolution
		SolutionGuid = {B65430BF-AE61-4598-B452-F81F0FC59DDD}
	EndGlobalSection
EndGlobal
