
Microsoft Visual Studio Solution File, Format Version 12.00
# Visual Studio Version 16
VisualStudioVersion = 16.0.29924.181
MinimumVisualStudioVersion = 10.0.40219.1
Project("{8BC9CEB8-8B4A-11D0-8D11-00A0C91BC942}") = "Esercizio_7_vs", "Esercizio_7_vs.vcxproj", "{38511EC2-3F41-4657-84C1-FECB0E1B6506}"
EndProject
Global
	GlobalSection(SolutionConfigurationPlatforms) = preSolution
		Debug|x64 = Debug|x64
		Debug|x86 = Debug|x86
		Release|x64 = Release|x64
		Release|x86 = Release|x86
	EndGlobalSection
	GlobalSection(ProjectConfigurationPlatforms) = postSolution
		{38511EC2-3F41-4657-84C1-FECB0E1B6506}.Debug|x64.ActiveCfg = Debug|x64
		{38511EC2-3F41-4657-84C1-FECB0E1B6506}.Debug|x64.Build.0 = Debug|x64
		{38511EC2-3F41-4657-84C1-FECB0E1B6506}.Debug|x86.ActiveCfg = Debug|Win32
		{38511EC2-3F41-4657-84C1-FECB0E1B6506}.Debug|x86.Build.0 = Debug|Win32
		{38511EC2-3F41-4657-84C1-FECB0E1B6506}.Release|x64.ActiveCfg = Release|x64
		{38511EC2-3F41-4657-84C1-FECB0E1B6506}.Release|x64.Build.0 = Release|x64
		{38511EC2-3F41-4657-84C1-FECB0E1B6506}.Release|x86.ActiveCfg = Release|Win32
		{38511EC2-3F41-4657-84C1-FECB0E1B6506}.Release|x86.Build.0 = Release|Win32
	EndGlobalSection
	GlobalSection(SolutionProperties) = preSolution
		HideSolutionNode = FALSE
	EndGlobalSection
	GlobalSection(ExtensibilityGlobals) = postSolution
		SolutionGuid = {275F27E5-89F5-49F3-8389-61BD791DD45B}
	EndGlobalSection
EndGlobal
