
Microsoft Visual Studio Solution File, Format Version 12.00
# Visual Studio Version 16
VisualStudioVersion = 16.0.30709.64
MinimumVisualStudioVersion = 10.0.40219.1
Project("{8BC9CEB8-8B4A-11D0-8D11-00A0C91BC942}") = "Es_2", "Es_2.vcxproj", "{C2452D04-DFF7-4CE7-A701-EC6F66B761F4}"
EndProject
Global
	GlobalSection(SolutionConfigurationPlatforms) = preSolution
		Debug|x64 = Debug|x64
		Debug|x86 = Debug|x86
		Release|x64 = Release|x64
		Release|x86 = Release|x86
	EndGlobalSection
	GlobalSection(ProjectConfigurationPlatforms) = postSolution
		{C2452D04-DFF7-4CE7-A701-EC6F66B761F4}.Debug|x64.ActiveCfg = Debug|x64
		{C2452D04-DFF7-4CE7-A701-EC6F66B761F4}.Debug|x64.Build.0 = Debug|x64
		{C2452D04-DFF7-4CE7-A701-EC6F66B761F4}.Debug|x86.ActiveCfg = Debug|Win32
		{C2452D04-DFF7-4CE7-A701-EC6F66B761F4}.Debug|x86.Build.0 = Debug|Win32
		{C2452D04-DFF7-4CE7-A701-EC6F66B761F4}.Release|x64.ActiveCfg = Release|x64
		{C2452D04-DFF7-4CE7-A701-EC6F66B761F4}.Release|x64.Build.0 = Release|x64
		{C2452D04-DFF7-4CE7-A701-EC6F66B761F4}.Release|x86.ActiveCfg = Release|Win32
		{C2452D04-DFF7-4CE7-A701-EC6F66B761F4}.Release|x86.Build.0 = Release|Win32
	EndGlobalSection
	GlobalSection(SolutionProperties) = preSolution
		HideSolutionNode = FALSE
	EndGlobalSection
	GlobalSection(ExtensibilityGlobals) = postSolution
		SolutionGuid = {16700A8B-0F32-403C-88B8-39F0B1FE5BF8}
	EndGlobalSection
EndGlobal
