
Microsoft Visual Studio Solution File, Format Version 12.00
# Visual Studio Version 16
VisualStudioVersion = 16.0.30709.64
MinimumVisualStudioVersion = 10.0.40219.1
Project("{8BC9CEB8-8B4A-11D0-8D11-00A0C91BC942}") = "template_5.1", "template_5.1.vcxproj", "{B486F224-BDFC-46EC-B770-59A3E1FB5EE8}"
EndProject
Global
	GlobalSection(SolutionConfigurationPlatforms) = preSolution
		Debug|x64 = Debug|x64
		Debug|x86 = Debug|x86
		Release|x64 = Release|x64
		Release|x86 = Release|x86
	EndGlobalSection
	GlobalSection(ProjectConfigurationPlatforms) = postSolution
		{B486F224-BDFC-46EC-B770-59A3E1FB5EE8}.Debug|x64.ActiveCfg = Debug|x64
		{B486F224-BDFC-46EC-B770-59A3E1FB5EE8}.Debug|x64.Build.0 = Debug|x64
		{B486F224-BDFC-46EC-B770-59A3E1FB5EE8}.Debug|x86.ActiveCfg = Debug|Win32
		{B486F224-BDFC-46EC-B770-59A3E1FB5EE8}.Debug|x86.Build.0 = Debug|Win32
		{B486F224-BDFC-46EC-B770-59A3E1FB5EE8}.Release|x64.ActiveCfg = Release|x64
		{B486F224-BDFC-46EC-B770-59A3E1FB5EE8}.Release|x64.Build.0 = Release|x64
		{B486F224-BDFC-46EC-B770-59A3E1FB5EE8}.Release|x86.ActiveCfg = Release|Win32
		{B486F224-BDFC-46EC-B770-59A3E1FB5EE8}.Release|x86.Build.0 = Release|Win32
	EndGlobalSection
	GlobalSection(SolutionProperties) = preSolution
		HideSolutionNode = FALSE
	EndGlobalSection
	GlobalSection(ExtensibilityGlobals) = postSolution
		SolutionGuid = {012CA0C6-86E5-4FA9-AE6A-D4AED0EFEA12}
	EndGlobalSection
EndGlobal
