
Microsoft Visual Studio Solution File, Format Version 12.00
# Visual Studio Version 16
VisualStudioVersion = 16.0.30001.183
MinimumVisualStudioVersion = 10.0.40219.1
Project("{8BC9CEB8-8B4A-11D0-8D11-00A0C91BC942}") = "Es_5", "Es_5.vcxproj", "{CD355046-5220-471A-A4C1-59264E3B18DE}"
EndProject
Global
	GlobalSection(SolutionConfigurationPlatforms) = preSolution
		Debug|x64 = Debug|x64
		Debug|x86 = Debug|x86
		Release|x64 = Release|x64
		Release|x86 = Release|x86
	EndGlobalSection
	GlobalSection(ProjectConfigurationPlatforms) = postSolution
		{CD355046-5220-471A-A4C1-59264E3B18DE}.Debug|x64.ActiveCfg = Debug|x64
		{CD355046-5220-471A-A4C1-59264E3B18DE}.Debug|x64.Build.0 = Debug|x64
		{CD355046-5220-471A-A4C1-59264E3B18DE}.Debug|x86.ActiveCfg = Debug|Win32
		{CD355046-5220-471A-A4C1-59264E3B18DE}.Debug|x86.Build.0 = Debug|Win32
		{CD355046-5220-471A-A4C1-59264E3B18DE}.Release|x64.ActiveCfg = Release|x64
		{CD355046-5220-471A-A4C1-59264E3B18DE}.Release|x64.Build.0 = Release|x64
		{CD355046-5220-471A-A4C1-59264E3B18DE}.Release|x86.ActiveCfg = Release|Win32
		{CD355046-5220-471A-A4C1-59264E3B18DE}.Release|x86.Build.0 = Release|Win32
	EndGlobalSection
	GlobalSection(SolutionProperties) = preSolution
		HideSolutionNode = FALSE
	EndGlobalSection
	GlobalSection(ExtensibilityGlobals) = postSolution
		SolutionGuid = {BC76AAB3-2F5D-4C9B-8B38-BACF38B8E2DC}
	EndGlobalSection
EndGlobal
